Microsoft Visual Studio Solution File, Format Version 12.00
# Visual Studio Version 17
VisualStudioVersion = 17.5.2.0
MinimumVisualStudioVersion = 10.0.40219.1
Project("{FAE04EC0-301F-11D3-BF4B-00C04F79EFBC}") = "CashFlow.Application", "CashFlow.Application\CashFlow.Application.csproj", "{290BDC17-9F25-90C0-6DD3-0EC8BD00C7DE}"
EndProject
Project("{FAE04EC0-301F-11D3-BF4B-00C04F79EFBC}") = "CashFlow.Communication", "CashFlow.Communication\CashFlow.Communication.csproj", "{35F962CA-BB18-A3E4-B2B8-59AFF62D9E4E}"
EndProject
Project("{FAE04EC0-301F-11D3-BF4B-00C04F79EFBC}") = "CashFlow.Domain", "CashFlow.Domain\CashFlow.Domain.csproj", "{40C6806F-4FE8-5E76-33EE-84E5D31C64A2}"
EndProject
Project("{FAE04EC0-301F-11D3-BF4B-00C04F79EFBC}") = "CashFlow.Infrastructure", "CashFlow.Infrastructure\CashFlow.Infrastructure.csproj", "{EA9EEA3B-3B6B-23A1-0DAF-8F5EADA8633F}"
EndProject
Project("{2150E333-8FDC-42A3-9474-1A3956D46DE8}") = "Exception", "Exception", "{84E59265-0A5F-B4DD-87B3-130E23294160}"
EndProject
Project("{2150E333-8FDC-42A3-9474-1A3956D46DE8}") = "src", "src", "{827E0CD3-B72D-47B6-A68D-7590B98EB39B}"
EndProject
Project("{2150E333-8FDC-42A3-9474-1A3956D46DE8}") = "tests", "tests", "{0AB3BF05-4346-4AA6-1389-037BE0695223}"
EndProject
Project("{FAE04EC0-301F-11D3-BF4B-00C04F79EFBC}") = "CashFlow.Exception", "Exception\CashFlow.Exception.csproj", "{0C5DB20E-81E1-748D-5D19-671DB98CD3DB}"
EndProject
Project("{FAE04EC0-301F-11D3-BF4B-00C04F79EFBC}") = "CashFlow.Api", "src\CashFlow.Api\CashFlow.Api.csproj", "{21253C97-A592-1BC6-993F-2CEC1C95A0F5}"
EndProject
Project("{FAE04EC0-301F-11D3-BF4B-00C04F79EFBC}") = "CommomTestUtilities", "tests\CommomTestUtilities\CommomTestUtilities.csproj", "{8D6A5A17-FED0-85BD-6884-90737A8E13AE}"
EndProject
Project("{FAE04EC0-301F-11D3-BF4B-00C04F79EFBC}") = "Validators.Tests", "tests\Validators.Tests\Validators.Tests.csproj", "{8E334E0E-D1A3-DDA8-0F70-7E5E9DABE74C}"
EndProject
Global
	GlobalSection(SolutionConfigurationPlatforms) = preSolution
		Debug|Any CPU = Debug|Any CPU
		Release|Any CPU = Release|Any CPU
	EndGlobalSection
	GlobalSection(ProjectConfigurationPlatforms) = postSolution
		{290BDC17-9F25-90C0-6DD3-0EC8BD00C7DE}.Debug|Any CPU.ActiveCfg = Debug|Any CPU
		{290BDC17-9F25-90C0-6DD3-0EC8BD00C7DE}.Debug|Any CPU.Build.0 = Debug|Any CPU
		{290BDC17-9F25-90C0-6DD3-0EC8BD00C7DE}.Release|Any CPU.ActiveCfg = Release|Any CPU
		{290BDC17-9F25-90C0-6DD3-0EC8BD00C7DE}.Release|Any CPU.Build.0 = Release|Any CPU
		{35F962CA-BB18-A3E4-B2B8-59AFF62D9E4E}.Debug|Any CPU.ActiveCfg = Debug|Any CPU
		{35F962CA-BB18-A3E4-B2B8-59AFF62D9E4E}.Debug|Any CPU.Build.0 = Debug|Any CPU
		{35F962CA-BB18-A3E4-B2B8-59AFF62D9E4E}.Release|Any CPU.ActiveCfg = Release|Any CPU
		{35F962CA-BB18-A3E4-B2B8-59AFF62D9E4E}.Release|Any CPU.Build.0 = Release|Any CPU
		{40C6806F-4FE8-5E76-33EE-84E5D31C64A2}.Debug|Any CPU.ActiveCfg = Debug|Any CPU
		{40C6806F-4FE8-5E76-33EE-84E5D31C64A2}.Debug|Any CPU.Build.0 = Debug|Any CPU
		{40C6806F-4FE8-5E76-33EE-84E5D31C64A2}.Release|Any CPU.ActiveCfg = Release|Any CPU
		{40C6806F-4FE8-5E76-33EE-84E5D31C64A2}.Release|Any CPU.Build.0 = Release|Any CPU
		{EA9EEA3B-3B6B-23A1-0DAF-8F5EADA8633F}.Debug|Any CPU.ActiveCfg = Debug|Any CPU
		{EA9EEA3B-3B6B-23A1-0DAF-8F5EADA8633F}.Debug|Any CPU.Build.0 = Debug|Any CPU
		{EA9EEA3B-3B6B-23A1-0DAF-8F5EADA8633F}.Release|Any CPU.ActiveCfg = Release|Any CPU
		{EA9EEA3B-3B6B-23A1-0DAF-8F5EADA8633F}.Release|Any CPU.Build.0 = Release|Any CPU
		{0C5DB20E-81E1-748D-5D19-671DB98CD3DB}.Debug|Any CPU.ActiveCfg = Debug|Any CPU
		{0C5DB20E-81E1-748D-5D19-671DB98CD3DB}.Debug|Any CPU.Build.0 = Debug|Any CPU
		{0C5DB20E-81E1-748D-5D19-671DB98CD3DB}.Release|Any CPU.ActiveCfg = Release|Any CPU
		{0C5DB20E-81E1-748D-5D19-671DB98CD3DB}.Release|Any CPU.Build.0 = Release|Any CPU
		{21253C97-A592-1BC6-993F-2CEC1C95A0F5}.Debug|Any CPU.ActiveCfg = Debug|Any CPU
		{21253C97-A592-1BC6-993F-2CEC1C95A0F5}.Debug|Any CPU.Build.0 = Debug|Any CPU
		{21253C97-A592-1BC6-993F-2CEC1C95A0F5}.Release|Any CPU.ActiveCfg = Release|Any CPU
		{21253C97-A592-1BC6-993F-2CEC1C95A0F5}.Release|Any CPU.Build.0 = Release|Any CPU
		{8D6A5A17-FED0-85BD-6884-90737A8E13AE}.Debug|Any CPU.ActiveCfg = Debug|Any CPU
		{8D6A5A17-FED0-85BD-6884-90737A8E13AE}.Debug|Any CPU.Build.0 = Debug|Any CPU
		{8D6A5A17-FED0-85BD-6884-90737A8E13AE}.Release|Any CPU.ActiveCfg = Release|Any CPU
		{8D6A5A17-FED0-85BD-6884-90737A8E13AE}.Release|Any CPU.Build.0 = Release|Any CPU
		{8E334E0E-D1A3-DDA8-0F70-7E5E9DABE74C}.Debug|Any CPU.ActiveCfg = Debug|Any CPU
		{8E334E0E-D1A3-DDA8-0F70-7E5E9DABE74C}.Debug|Any CPU.Build.0 = Debug|Any CPU
		{8E334E0E-D1A3-DDA8-0F70-7E5E9DABE74C}.Release|Any CPU.ActiveCfg = Release|Any CPU
		{8E334E0E-D1A3-DDA8-0F70-7E5E9DABE74C}.Release|Any CPU.Build.0 = Release|Any CPU
	EndGlobalSection
	GlobalSection(SolutionProperties) = preSolution
		HideSolutionNode = FALSE
	EndGlobalSection
	GlobalSection(NestedProjects) = preSolution
		{0C5DB20E-81E1-748D-5D19-671DB98CD3DB} = {84E59265-0A5F-B4DD-87B3-130E23294160}
		{21253C97-A592-1BC6-993F-2CEC1C95A0F5} = {827E0CD3-B72D-47B6-A68D-7590B98EB39B}
		{8D6A5A17-FED0-85BD-6884-90737A8E13AE} = {0AB3BF05-4346-4AA6-1389-037BE0695223}
		{8E334E0E-D1A3-DDA8-0F70-7E5E9DABE74C} = {0AB3BF05-4346-4AA6-1389-037BE0695223}
	EndGlobalSection
	GlobalSection(ExtensibilityGlobals) = postSolution
		SolutionGuid = {778EB651-BD6C-43C1-AA17-B3CE74AC8E36}
	EndGlobalSection
EndGlobal
